
Microsoft Visual Studio Solution File, Format Version 12.00
# Visual Studio Version 17
VisualStudioVersion = 17.6.33829.357
MinimumVisualStudioVersion = 10.0.40219.1
Project("{FAE04EC0-301F-11D3-BF4B-00C04F79EFBC}") = "HowDebugMultiThreadedApplication", "HowDebugMultiThreadedApplication\HowDebugMultiThreadedApplication.csproj", "{F3069493-3DC4-4823-9C79-021D8202BB47}"
EndProject
Global
	GlobalSection(SolutionConfigurationPlatforms) = preSolution
		Debug|Any CPU = Debug|Any CPU
		Release|Any CPU = Release|Any CPU
	EndGlobalSection
	GlobalSection(ProjectConfigurationPlatforms) = postSolution
		{F3069493-3DC4-4823-9C79-021D8202BB47}.Debug|Any CPU.ActiveCfg = Debug|Any CPU
		{F3069493-3DC4-4823-9C79-021D8202BB47}.Debug|Any CPU.Build.0 = Debug|Any CPU
		{F3069493-3DC4-4823-9C79-021D8202BB47}.Release|Any CPU.ActiveCfg = Release|Any CPU
		{F3069493-3DC4-4823-9C79-021D8202BB47}.Release|Any CPU.Build.0 = Release|Any CPU
	EndGlobalSection
	GlobalSection(SolutionProperties) = preSolution
		HideSolutionNode = FALSE
	EndGlobalSection
	GlobalSection(ExtensibilityGlobals) = postSolution
		SolutionGuid = {D76429D5-0420-449D-969B-A4E43FF9F361}
	EndGlobalSection
EndGlobal
